{
  "version": 4,
  "terraform_version": "1.11.2",
  "serial": 45,
  "lineage": "47386515-e484-c4c3-417b-2ba663ee2581",
  "outputs": {
    "external_ip": {
      "value": "51.250.73.162",
      "type": "string"
    }
  },
  "resources": [
    {
      "mode": "managed",
      "type": "yandex_compute_instance",
      "name": "devops-vm",
      "provider": "provider[\"registry.terraform.io/yandex-cloud/yandex\"]",
      "instances": [
        {
          "schema_version": 1,
          "attributes": {
            "allow_recreate": null,
            "allow_stopping_for_update": null,
            "boot_disk": [
              {
                "auto_delete": true,
                "device_name": "fhmn0u4vspru6k7d55lu",
                "disk_id": "fhmn0u4vspru6k7d55lu",
                "initialize_params": [
                  {
                    "block_size": 4096,
                    "description": "",
                    "image_id": "fd80eup4e4h7mmodr9d4",
                    "kms_key_id": "",
                    "name": "",
                    "size": 3,
                    "snapshot_id": "",
                    "type": "network-hdd"
                  }
                ],
                "mode": "READ_WRITE"
              }
            ],
            "created_at": "2025-04-23T21:49:03Z",
            "description": "",
            "filesystem": [],
            "folder_id": "b1gvo2k7ief62ak5pcmu",
            "fqdn": "fhmqdjq1hkikpqmresjd.auto.internal",
            "gpu_cluster_id": "",
            "hardware_generation": [
              {
                "generation2_features": [],
                "legacy_features": [
                  {
                    "pci_topology": "PCI_TOPOLOGY_V1"
                  }
                ]
              }
            ],
            "hostname": "",
            "id": "fhmqdjq1hkikpqmresjd",
            "labels": null,
            "local_disk": [],
            "maintenance_grace_period": "",
            "maintenance_policy": null,
            "metadata": {
              "ssh-keys": "debian:ssh-rsa AAAAB3NzaC1yc2EAAAADAQABAAABgQDHujo2dXeyw+dfqe0XcS0FyHLn2B0Zxy59LcrSrneHNE3AcJPA6iTfNz9EaTCRFH9pOwLzYgNIqG8Uiw1u6jLDyYCYZAWQpsTXJooQxlnxPpDfLMsd7/+NT+4R8mPRHmHV47m2N2NUbHBKBQTNFM89mTM/FiEfGddh0LXmQr/Zr96NshV7iucIIdp5MO1fGHdfFbdgmCG0g8G+YH4qWUZhp6+kTdKw+GT3d/zPhJY/c9eVq0j4Xk0ofdoqWMGmwRqwK0UHyCGUJIlcdl4+4UmCfBiSUVhGkafhFzi8nWf8iZO02HQM7N2mc0gwKeAsvxZC0lMyAJMi02SuBoMROu+uSic0Qp2csYBXNBhyVF3DUG7Kfyuzi8xMbWnypTDlAOaWoGhhjlne5S2o8KvJFhWuyPGV/Q3ZPeF6WqB6H/dLQ2o8UTCOrinQiOScwbM2CCvwpnWjoh8iTR+Wwa2+F1SCRsu6ZwrDHWm7iAgguBprFjyje33IScEkfzVI5n4HsnE= karinavladykina@MacBook-Air.local\n",
              "user-data": "#!/bin/bash\n\napt update \u0026\u0026 apt upgrade\napt install docker.io docker-compose -y\nchmod 777 /var/run/docker.sock\n\n# формируем compose\ncat \u003c\u003cEOF \u003e docker-compose.yml\nversion: '3.7'\n\nnetworks:\n  avia-network:\n\nservices:\n  back-db:\n    image: postgres:16-alpine\n    container_name: 'back-db'\n    environment:\n      POSTGRES_USER: \"postgres\"\n      POSTGRES_PASSWORD: \"postgres\"\n      POSTGRES_DB: \"postgres\"\n    networks:\n      avia-network:\n\n  avia-back:\n    image: 1karinav/avia-back\n    container_name: 'backend-app'\n    environment:\n      DEBUG: true\n      SPRINGDOC_PATH: /api-docs\n      SPRINGDOC_UI_PATH: /swagger-ui/index.html\n      DATABASE_PLATFORM: org.hibernate.dialect.PostgreSQLDialect\n      DATASOURCE_URL: jdbc:postgresql://back-db:5432/postgres\n      APP_NAME: devops-back\n      DATASOURCE_USERNAME: \"postgres\"\n      DATASOURCE_PASSWORD: \"postgres\"\n    networks:\n      avia-network:\n    ports:\n      - \"9000:8080\"\n    depends_on:\n      - back-db\n    command:\n      - java\n      - -jar\n      - app.jar\n\n  front-app:\n    image: 1karinav/front-app\n    container_name: 'front-app'\n    ports:\n      - \"9001:80\"\nEOF\n\ndocker-compose up"
            },
            "metadata_options": [
              {
                "aws_v1_http_endpoint": 1,
                "aws_v1_http_token": 2,
                "gce_http_endpoint": 1,
                "gce_http_token": 1
              }
            ],
            "name": "devops-vm",
            "network_acceleration_type": "standard",
            "network_interface": [
              {
                "dns_record": [],
                "index": 0,
                "ip_address": "10.2.0.28",
                "ipv4": true,
                "ipv6": false,
                "ipv6_address": "",
                "ipv6_dns_record": [],
                "mac_address": "d0:0d:1a:6c:f4:18",
                "nat": true,
                "nat_dns_record": [],
                "nat_ip_address": "51.250.73.162",
                "nat_ip_version": "IPV4",
                "security_group_ids": [],
                "subnet_id": "e9bag2k6kj95hg4a8u07"
              }
            ],
            "placement_policy": [
              {
                "host_affinity_rules": [],
                "placement_group_id": "",
                "placement_group_partition": 0
              }
            ],
            "platform_id": "standard-v1",
            "resources": [
              {
                "core_fraction": 100,
                "cores": 4,
                "gpus": 0,
                "memory": 4
              }
            ],
            "scheduling_policy": [
              {
                "preemptible": false
              }
            ],
            "secondary_disk": [],
            "service_account_id": "",
            "status": "running",
            "timeouts": null,
            "zone": "ru-central1-a"
          },
          "sensitive_attributes": [],
          "private": "eyJlMmJmYjczMC1lY2FhLTExZTYtOGY4OC0zNDM2M2JjN2M0YzAiOnsiY3JlYXRlIjozMDAwMDAwMDAwMDAsImRlbGV0ZSI6MzAwMDAwMDAwMDAwLCJ1cGRhdGUiOjMwMDAwMDAwMDAwMH0sInNjaGVtYV92ZXJzaW9uIjoiMSJ9",
          "dependencies": [
            "yandex_vpc_address.devops-static-ip",
            "yandex_vpc_network.devops-network",
            "yandex_vpc_subnet.devops-subnet"
          ]
        }
      ]
    },
    {
      "mode": "managed",
      "type": "yandex_vpc_address",
      "name": "devops-static-ip",
      "provider": "provider[\"registry.terraform.io/yandex-cloud/yandex\"]",
      "instances": [
        {
          "schema_version": 0,
          "attributes": {
            "created_at": "2025-04-23T21:49:00Z",
            "deletion_protection": false,
            "description": "",
            "dns_record": [],
            "external_ipv4_address": [
              {
                "address": "51.250.73.162",
                "ddos_protection_provider": "",
                "outgoing_smtp_capability": "",
                "zone_id": "ru-central1-a"
              }
            ],
            "folder_id": "b1gvo2k7ief62ak5pcmu",
            "id": "e9br2a3g9kbmks7kkq65",
            "labels": {},
            "name": "vm-static-ip",
            "reserved": true,
            "timeouts": null,
            "used": false
          },
          "sensitive_attributes": [],
          "private": "eyJlMmJmYjczMC1lY2FhLTExZTYtOGY4OC0zNDM2M2JjN2M0YzAiOnsiY3JlYXRlIjozMDAwMDAwMDAwMCwiZGVsZXRlIjozMDAwMDAwMDAwMCwidXBkYXRlIjozMDAwMDAwMDAwMH19"
        }
      ]
    },
    {
      "mode": "managed",
      "type": "yandex_vpc_network",
      "name": "devops-network",
      "provider": "provider[\"registry.terraform.io/yandex-cloud/yandex\"]",
      "instances": [
        {
          "schema_version": 0,
          "attributes": {
            "created_at": "2025-04-23T21:48:59Z",
            "default_security_group_id": "enpg7fujniakg076ma9j",
            "description": "",
            "folder_id": "b1gvo2k7ief62ak5pcmu",
            "id": "enpfttd7jotqva6l793n",
            "labels": {},
            "name": "devops-network",
            "subnet_ids": [],
            "timeouts": null
          },
          "sensitive_attributes": [],
          "private": "eyJlMmJmYjczMC1lY2FhLTExZTYtOGY4OC0zNDM2M2JjN2M0YzAiOnsiY3JlYXRlIjo2MDAwMDAwMDAwMCwiZGVsZXRlIjo2MDAwMDAwMDAwMCwidXBkYXRlIjo2MDAwMDAwMDAwMH19"
        }
      ]
    },
    {
      "mode": "managed",
      "type": "yandex_vpc_subnet",
      "name": "devops-subnet",
      "provider": "provider[\"registry.terraform.io/yandex-cloud/yandex\"]",
      "instances": [
        {
          "schema_version": 0,
          "attributes": {
            "created_at": "2025-04-23T21:49:01Z",
            "description": "",
            "dhcp_options": [],
            "folder_id": "b1gvo2k7ief62ak5pcmu",
            "id": "e9bag2k6kj95hg4a8u07",
            "labels": {},
            "name": "",
            "network_id": "enpfttd7jotqva6l793n",
            "route_table_id": "",
            "timeouts": null,
            "v4_cidr_blocks": [
              "10.2.0.0/16"
            ],
            "v6_cidr_blocks": [],
            "zone": "ru-central1-a"
          },
          "sensitive_attributes": [],
          "private": "eyJlMmJmYjczMC1lY2FhLTExZTYtOGY4OC0zNDM2M2JjN2M0YzAiOnsiY3JlYXRlIjoxODAwMDAwMDAwMDAsImRlbGV0ZSI6MTgwMDAwMDAwMDAwLCJ1cGRhdGUiOjE4MDAwMDAwMDAwMH19",
          "dependencies": [
            "yandex_vpc_network.devops-network"
          ]
        }
      ]
    }
  ],
  "check_results": null
}
